// !$*UTF8*$!
{
	archiveVersion = 1;
	classes = {
	};
	objectVersion = 46;
	objects = {

/* Begin PBXBuildFile section */
		F40AA80F1F16D2510080FE04 /* AppDelegate.swift in Sources */ = {isa = PBXBuildFile; fileRef = F40AA80E1F16D2510080FE04 /* AppDelegate.swift */; };
		F40AA8111F16D2510080FE04 /* ViewController.swift in Sources */ = {isa = PBXBuildFile; fileRef = F40AA8101F16D2510080FE04 /* ViewController.swift */; };
		F40AA8141F16D2510080FE04 /* Main.storyboard in Resources */ = {isa = PBXBuildFile; fileRef = F40AA8121F16D2510080FE04 /* Main.storyboard */; };
		F40AA8161F16D2510080FE04 /* Assets.xcassets in Resources */ = {isa = PBXBuildFile; fileRef = F40AA8151F16D2510080FE04 /* Assets.xcassets */; };
		F40AA8191F16D2510080FE04 /* LaunchScreen.storyboard in Resources */ = {isa = PBXBuildFile; fileRef = F40AA8171F16D2510080FE04 /* LaunchScreen.storyboard */; };
		F40AA81E1F16D2510080FE04 /* BitcoinWatch WatchKit App.app in Embed Watch Content */ = {isa = PBXBuildFile; fileRef = F40AA81D1F16D2510080FE04 /* BitcoinWatch WatchKit App.app */; };
		F40AA8241F16D2510080FE04 /* Interface.storyboard in Resources */ = {isa = PBXBuildFile; fileRef = F40AA8221F16D2510080FE04 /* Interface.storyboard */; };
		F40AA8261F16D2510080FE04 /* Assets.xcassets in Resources */ = {isa = PBXBuildFile; fileRef = F40AA8251F16D2510080FE04 /* Assets.xcassets */; };
		F40AA82D1F16D2510080FE04 /* BitcoinWatch WatchKit Extension.appex in Embed App Extensions */ = {isa = PBXBuildFile; fileRef = F40AA82C1F16D2510080FE04 /* BitcoinWatch WatchKit Extension.appex */; settings = {ATTRIBUTES = (RemoveHeadersOnCopy, ); }; };
		F40AA8341F16D2510080FE04 /* InterfaceController.swift in Sources */ = {isa = PBXBuildFile; fileRef = F40AA8331F16D2510080FE04 /* InterfaceController.swift */; };
		F40AA8361F16D2510080FE04 /* ExtensionDelegate.swift in Sources */ = {isa = PBXBuildFile; fileRef = F40AA8351F16D2510080FE04 /* ExtensionDelegate.swift */; };
		F40AA8381F16D2510080FE04 /* NotificationController.swift in Sources */ = {isa = PBXBuildFile; fileRef = F40AA8371F16D2510080FE04 /* NotificationController.swift */; };
		F40AA83A1F16D2510080FE04 /* Assets.xcassets in Resources */ = {isa = PBXBuildFile; fileRef = F40AA8391F16D2510080FE04 /* Assets.xcassets */; };
		F4ACD6021F16FC0700BB767D /* Ticker.swift in Sources */ = {isa = PBXBuildFile; fileRef = F4ACD6011F16FC0700BB767D /* Ticker.swift */; };
		F4ACD6031F16FC0700BB767D /* Ticker.swift in Sources */ = {isa = PBXBuildFile; fileRef = F4ACD6011F16FC0700BB767D /* Ticker.swift */; };
/* End PBXBuildFile section */

/* Begin PBXContainerItemProxy section */
		F40AA81F1F16D2510080FE04 /* PBXContainerItemProxy */ = {
			isa = PBXContainerItemProxy;
			containerPortal = F40AA8031F16D2510080FE04 /* Project object */;
			proxyType = 1;
			remoteGlobalIDString = F40AA81C1F16D2510080FE04;
			remoteInfo = "BitcoinWatch WatchKit App";
		};
		F40AA82E1F16D2510080FE04 /* PBXContainerItemProxy */ = {
			isa = PBXContainerItemProxy;
			containerPortal = F40AA8031F16D2510080FE04 /* Project object */;
			proxyType = 1;
			remoteGlobalIDString = F40AA82B1F16D2510080FE04;
			remoteInfo = "BitcoinWatch WatchKit Extension";
		};
/* End PBXContainerItemProxy section */

/* Begin PBXCopyFilesBuildPhase section */
		F40AA8411F16D2510080FE04 /* Embed App Extensions */ = {
			isa = PBXCopyFilesBuildPhase;
			buildActionMask = 2147483647;
			dstPath = "";
			dstSubfolderSpec = 13;
			files = (
				F40AA82D1F16D2510080FE04 /* BitcoinWatch WatchKit Extension.appex in Embed App Extensions */,
			);
			name = "Embed App Extensions";
			runOnlyForDeploymentPostprocessing = 0;
		};
		F40AA8451F16D2510080FE04 /* Embed Watch Content */ = {
			isa = PBXCopyFilesBuildPhase;
			buildActionMask = 2147483647;
			dstPath = "$(CONTENTS_FOLDER_PATH)/Watch";
			dstSubfolderSpec = 16;
			files = (
				F40AA81E1F16D2510080FE04 /* BitcoinWatch WatchKit App.app in Embed Watch Content */,
			);
			name = "Embed Watch Content";
			runOnlyForDeploymentPostprocessing = 0;
		};
/* End PBXCopyFilesBuildPhase section */

/* Begin PBXFileReference section */
		F40AA80B1F16D2510080FE04 /* BitcoinWatch.app */ = {isa = PBXFileReference; explicitFileType = wrapper.application; includeInIndex = 0; path = BitcoinWatch.app; sourceTree = BUILT_PRODUCTS_DIR; };
		F40AA80E1F16D2510080FE04 /* AppDelegate.swift */ = {isa = PBXFileReference; lastKnownFileType = sourcecode.swift; path = AppDelegate.swift; sourceTree = "<group>"; };
		F40AA8101F16D2510080FE04 /* ViewController.swift */ = {isa = PBXFileReference; lastKnownFileType = sourcecode.swift; path = ViewController.swift; sourceTree = "<group>"; wrapsLines = 0; };
		F40AA8131F16D2510080FE04 /* Base */ = {isa = PBXFileReference; lastKnownFileType = file.storyboard; name = Base; path = Base.lproj/Main.storyboard; sourceTree = "<group>"; };
		F40AA8151F16D2510080FE04 /* Assets.xcassets */ = {isa = PBXFileReference; lastKnownFileType = folder.assetcatalog; path = Assets.xcassets; sourceTree = "<group>"; };
		F40AA8181F16D2510080FE04 /* Base */ = {isa = PBXFileReference; lastKnownFileType = file.storyboard; name = Base; path = Base.lproj/LaunchScreen.storyboard; sourceTree = "<group>"; };
		F40AA81A1F16D2510080FE04 /* Info.plist */ = {isa = PBXFileReference; lastKnownFileType = text.plist.xml; path = Info.plist; sourceTree = "<group>"; };
		F40AA81D1F16D2510080FE04 /* BitcoinWatch WatchKit App.app */ = {isa = PBXFileReference; explicitFileType = wrapper.application; includeInIndex = 0; path = "BitcoinWatch WatchKit App.app"; sourceTree = BUILT_PRODUCTS_DIR; };
		F40AA8231F16D2510080FE04 /* Base */ = {isa = PBXFileReference; lastKnownFileType = file.storyboard; name = Base; path = Base.lproj/Interface.storyboard; sourceTree = "<group>"; };
		F40AA8251F16D2510080FE04 /* Assets.xcassets */ = {isa = PBXFileReference; lastKnownFileType = folder.assetcatalog; path = Assets.xcassets; sourceTree = "<group>"; };
		F40AA8271F16D2510080FE04 /* Info.plist */ = {isa = PBXFileReference; lastKnownFileType = text.plist.xml; path = Info.plist; sourceTree = "<group>"; };
		F40AA82C1F16D2510080FE04 /* BitcoinWatch WatchKit Extension.appex */ = {isa = PBXFileReference; explicitFileType = "wrapper.app-extension"; includeInIndex = 0; path = "BitcoinWatch WatchKit Extension.appex"; sourceTree = BUILT_PRODUCTS_DIR; };
		F40AA8321F16D2510080FE04 /* PushNotificationPayload.apns */ = {isa = PBXFileReference; lastKnownFileType = text; path = PushNotificationPayload.apns; sourceTree = "<group>"; };
		F40AA8331F16D2510080FE04 /* InterfaceController.swift */ = {isa = PBXFileReference; lastKnownFileType = sourcecode.swift; path = InterfaceController.swift; sourceTree = "<group>"; wrapsLines = 0; };
		F40AA8351F16D2510080FE04 /* ExtensionDelegate.swift */ = {isa = PBXFileReference; lastKnownFileType = sourcecode.swift; path = ExtensionDelegate.swift; sourceTree = "<group>"; };
		F40AA8371F16D2510080FE04 /* NotificationController.swift */ = {isa = PBXFileReference; lastKnownFileType = sourcecode.swift; path = NotificationController.swift; sourceTree = "<group>"; };
		F40AA8391F16D2510080FE04 /* Assets.xcassets */ = {isa = PBXFileReference; lastKnownFileType = folder.assetcatalog; path = Assets.xcassets; sourceTree = "<group>"; };
		F40AA83B1F16D2510080FE04 /* Info.plist */ = {isa = PBXFileReference; lastKnownFileType = text.plist.xml; path = Info.plist; sourceTree = "<group>"; };
		F42EDCBA1F181A6A00959F79 /* File */ = {isa = PBXFileReference; lastKnownFileType = text; path = File; sourceTree = "<group>"; };
		F4ACD6011F16FC0700BB767D /* Ticker.swift */ = {isa = PBXFileReference; fileEncoding = 4; lastKnownFileType = sourcecode.swift; path = Ticker.swift; sourceTree = "<group>"; };
/* End PBXFileReference section */

/* Begin PBXFrameworksBuildPhase section */
		F40AA8081F16D2510080FE04 /* Frameworks */ = {
			isa = PBXFrameworksBuildPhase;
			buildActionMask = 2147483647;
			files = (
			);
			runOnlyForDeploymentPostprocessing = 0;
		};
		F40AA8291F16D2510080FE04 /* Frameworks */ = {
			isa = PBXFrameworksBuildPhase;
			buildActionMask = 2147483647;
			files = (
			);
			runOnlyForDeploymentPostprocessing = 0;
		};
/* End PBXFrameworksBuildPhase section */

/* Begin PBXGroup section */
		F40AA8021F16D2510080FE04 = {
			isa = PBXGroup;
			children = (
				F42EDCBA1F181A6A00959F79 /* File */,
				F40AA80D1F16D2510080FE04 /* BitcoinWatch */,
				F40AA8211F16D2510080FE04 /* BitcoinWatch WatchKit App */,
				F40AA8301F16D2510080FE04 /* BitcoinWatch WatchKit Extension */,
				F40AA80C1F16D2510080FE04 /* Products */,
			);
			sourceTree = "<group>";
		};
		F40AA80C1F16D2510080FE04 /* Products */ = {
			isa = PBXGroup;
			children = (
				F40AA80B1F16D2510080FE04 /* BitcoinWatch.app */,
				F40AA81D1F16D2510080FE04 /* BitcoinWatch WatchKit App.app */,
				F40AA82C1F16D2510080FE04 /* BitcoinWatch WatchKit Extension.appex */,
			);
			name = Products;
			sourceTree = "<group>";
		};
		F40AA80D1F16D2510080FE04 /* BitcoinWatch */ = {
			isa = PBXGroup;
			children = (
				F40AA81A1F16D2510080FE04 /* Info.plist */,
				F40AA80E1F16D2510080FE04 /* AppDelegate.swift */,
				F40AA8101F16D2510080FE04 /* ViewController.swift */,
				F40AA8121F16D2510080FE04 /* Main.storyboard */,
				F40AA8171F16D2510080FE04 /* LaunchScreen.storyboard */,
				F40AA8151F16D2510080FE04 /* Assets.xcassets */,
			);
			path = BitcoinWatch;
			sourceTree = "<group>";
		};
		F40AA8211F16D2510080FE04 /* BitcoinWatch WatchKit App */ = {
			isa = PBXGroup;
			children = (
				F40AA8271F16D2510080FE04 /* Info.plist */,
				F40AA8221F16D2510080FE04 /* Interface.storyboard */,
				F40AA8251F16D2510080FE04 /* Assets.xcassets */,
			);
			path = "BitcoinWatch WatchKit App";
			sourceTree = "<group>";
		};
		F40AA8301F16D2510080FE04 /* BitcoinWatch WatchKit Extension */ = {
			isa = PBXGroup;
			children = (
				F40AA83B1F16D2510080FE04 /* Info.plist */,
				F40AA8351F16D2510080FE04 /* ExtensionDelegate.swift */,
				F40AA8331F16D2510080FE04 /* InterfaceController.swift */,
				F40AA8371F16D2510080FE04 /* NotificationController.swift */,
				F4ACD6011F16FC0700BB767D /* Ticker.swift */,
				F40AA8391F16D2510080FE04 /* Assets.xcassets */,
				F40AA8311F16D2510080FE04 /* Supporting Files */,
			);
			path = "BitcoinWatch WatchKit Extension";
			sourceTree = "<group>";
		};
		F40AA8311F16D2510080FE04 /* Supporting Files */ = {
			isa = PBXGroup;
			children = (
				F40AA8321F16D2510080FE04 /* PushNotificationPayload.apns */,
			);
			name = "Supporting Files";
			sourceTree = "<group>";
		};
/* End PBXGroup section */

/* Begin PBXNativeTarget section */
		F40AA80A1F16D2510080FE04 /* BitcoinWatch */ = {
			isa = PBXNativeTarget;
			buildConfigurationList = F40AA8461F16D2510080FE04 /* Build configuration list for PBXNativeTarget "BitcoinWatch" */;
			buildPhases = (
				F40AA8071F16D2510080FE04 /* Sources */,
				F40AA8081F16D2510080FE04 /* Frameworks */,
				F40AA8091F16D2510080FE04 /* Resources */,
				F40AA8451F16D2510080FE04 /* Embed Watch Content */,
			);
			buildRules = (
			);
			dependencies = (
				F40AA8201F16D2510080FE04 /* PBXTargetDependency */,
			);
			name = BitcoinWatch;
			productName = BitcoinWatch;
			productReference = F40AA80B1F16D2510080FE04 /* BitcoinWatch.app */;
			productType = "com.apple.product-type.application";
		};
		F40AA81C1F16D2510080FE04 /* BitcoinWatch WatchKit App */ = {
			isa = PBXNativeTarget;
			buildConfigurationList = F40AA8421F16D2510080FE04 /* Build configuration list for PBXNativeTarget "BitcoinWatch WatchKit App" */;
			buildPhases = (
				F40AA81B1F16D2510080FE04 /* Resources */,
				F40AA8411F16D2510080FE04 /* Embed App Extensions */,
			);
			buildRules = (
			);
			dependencies = (
				F40AA82F1F16D2510080FE04 /* PBXTargetDependency */,
			);
			name = "BitcoinWatch WatchKit App";
			productName = "BitcoinWatch WatchKit App";
			productReference = F40AA81D1F16D2510080FE04 /* BitcoinWatch WatchKit App.app */;
			productType = "com.apple.product-type.application.watchapp2";
		};
		F40AA82B1F16D2510080FE04 /* BitcoinWatch WatchKit Extension */ = {
			isa = PBXNativeTarget;
			buildConfigurationList = F40AA83E1F16D2510080FE04 /* Build configuration list for PBXNativeTarget "BitcoinWatch WatchKit Extension" */;
			buildPhases = (
				F40AA8281F16D2510080FE04 /* Sources */,
				F40AA8291F16D2510080FE04 /* Frameworks */,
				F40AA82A1F16D2510080FE04 /* Resources */,
			);
			buildRules = (
			);
			dependencies = (
			);
			name = "BitcoinWatch WatchKit Extension";
			productName = "BitcoinWatch WatchKit Extension";
			productReference = F40AA82C1F16D2510080FE04 /* BitcoinWatch WatchKit Extension.appex */;
			productType = "com.apple.product-type.watchkit2-extension";
		};
/* End PBXNativeTarget section */

/* Begin PBXProject section */
		F40AA8031F16D2510080FE04 /* Project object */ = {
			isa = PBXProject;
			attributes = {
				LastSwiftUpdateCheck = 0830;
				LastUpgradeCheck = 0830;
				ORGANIZATIONNAME = Armonia;
				TargetAttributes = {
					F40AA80A1F16D2510080FE04 = {
						CreatedOnToolsVersion = 8.3.2;
						DevelopmentTeam = W7PMV9XFGM;
						ProvisioningStyle = Automatic;
					};
					F40AA81C1F16D2510080FE04 = {
						CreatedOnToolsVersion = 8.3.2;
						DevelopmentTeam = W7PMV9XFGM;
						ProvisioningStyle = Automatic;
					};
					F40AA82B1F16D2510080FE04 = {
						CreatedOnToolsVersion = 8.3.2;
						DevelopmentTeam = W7PMV9XFGM;
						ProvisioningStyle = Automatic;
					};
				};
			};
			buildConfigurationList = F40AA8061F16D2510080FE04 /* Build configuration list for PBXProject "BitcoinWatch" */;
			compatibilityVersion = "Xcode 3.2";
			developmentRegion = English;
			hasScannedForEncodings = 0;
			knownRegions = (
				en,
				Base,
			);
			mainGroup = F40AA8021F16D2510080FE04;
			productRefGroup = F40AA80C1F16D2510080FE04 /* Products */;
			projectDirPath = "";
			projectRoot = "";
			targets = (
				F40AA80A1F16D2510080FE04 /* BitcoinWatch */,
				F40AA81C1F16D2510080FE04 /* BitcoinWatch WatchKit App */,
				F40AA82B1F16D2510080FE04 /* BitcoinWatch WatchKit Extension */,
			);
		};
/* End PBXProject section */

/* Begin PBXResourcesBuildPhase section */
		F40AA8091F16D2510080FE04 /* Resources */ = {
			isa = PBXResourcesBuildPhase;
			buildActionMask = 2147483647;
			files = (
				F40AA8191F16D2510080FE04 /* LaunchScreen.storyboard in Resources */,
				F40AA8161F16D2510080FE04 /* Assets.xcassets in Resources */,
				F40AA8141F16D2510080FE04 /* Main.storyboard in Resources */,
			);
			runOnlyForDeploymentPostprocessing = 0;
		};
		F40AA81B1F16D2510080FE04 /* Resources */ = {
			isa = PBXResourcesBuildPhase;
			buildActionMask = 2147483647;
			files = (
				F40AA8261F16D2510080FE04 /* Assets.xcassets in Resources */,
				F40AA8241F16D2510080FE04 /* Interface.storyboard in Resources */,
			);
			runOnlyForDeploymentPostprocessing = 0;
		};
		F40AA82A1F16D2510080FE04 /* Resources */ = {
			isa = PBXResourcesBuildPhase;
			buildActionMask = 2147483647;
			files = (
				F40AA83A1F16D2510080FE04 /* Assets.xcassets in Resources */,
			);
			runOnlyForDeploymentPostprocessing = 0;
		};
/* End PBXResourcesBuildPhase section */

/* Begin PBXSourcesBuildPhase section */
		F40AA8071F16D2510080FE04 /* Sources */ = {
			isa = PBXSourcesBuildPhase;
			buildActionMask = 2147483647;
			files = (
				F40AA8111F16D2510080FE04 /* ViewController.swift in Sources */,
				F4ACD6021F16FC0700BB767D /* Ticker.swift in Sources */,
				F40AA80F1F16D2510080FE04 /* AppDelegate.swift in Sources */,
			);
			runOnlyForDeploymentPostprocessing = 0;
		};
		F40AA8281F16D2510080FE04 /* Sources */ = {
			isa = PBXSourcesBuildPhase;
			buildActionMask = 2147483647;
			files = (
				F40AA8381F16D2510080FE04 /* NotificationController.swift in Sources */,
				F4ACD6031F16FC0700BB767D /* Ticker.swift in Sources */,
				F40AA8361F16D2510080FE04 /* ExtensionDelegate.swift in Sources */,
				F40AA8341F16D2510080FE04 /* InterfaceController.swift in Sources */,
			);
			runOnlyForDeploymentPostprocessing = 0;
		};
/* End PBXSourcesBuildPhase section */

/* Begin PBXTargetDependency section */
		F40AA8201F16D2510080FE04 /* PBXTargetDependency */ = {
			isa = PBXTargetDependency;
			target = F40AA81C1F16D2510080FE04 /* BitcoinWatch WatchKit App */;
			targetProxy = F40AA81F1F16D2510080FE04 /* PBXContainerItemProxy */;
		};
		F40AA82F1F16D2510080FE04 /* PBXTargetDependency */ = {
			isa = PBXTargetDependency;
			target = F40AA82B1F16D2510080FE04 /* BitcoinWatch WatchKit Extension */;
			targetProxy = F40AA82E1F16D2510080FE04 /* PBXContainerItemProxy */;
		};
/* End PBXTargetDependency section */

/* Begin PBXVariantGroup section */
		F40AA8121F16D2510080FE04 /* Main.storyboard */ = {
			isa = PBXVariantGroup;
			children = (
				F40AA8131F16D2510080FE04 /* Base */,
			);
			name = Main.storyboard;
			sourceTree = "<group>";
		};
		F40AA8171F16D2510080FE04 /* LaunchScreen.storyboard */ = {
			isa = PBXVariantGroup;
			children = (
				F40AA8181F16D2510080FE04 /* Base */,
			);
			name = LaunchScreen.storyboard;
			sourceTree = "<group>";
		};
		F40AA8221F16D2510080FE04 /* Interface.storyboard */ = {
			isa = PBXVariantGroup;
			children = (
				F40AA8231F16D2510080FE04 /* Base */,
			);
			name = Interface.storyboard;
			sourceTree = "<group>";
		};
/* End PBXVariantGroup section */

/* Begin XCBuildConfiguration section */
		F40AA83C1F16D2510080FE04 /* Debug */ = {
			isa = XCBuildConfiguration;
			buildSettings = {
				ALWAYS_SEARCH_USER_PATHS = NO;
				CLANG_ANALYZER_NONNULL = YES;
				CLANG_ANALYZER_NUMBER_OBJECT_CONVERSION = YES_AGGRESSIVE;
				CLANG_CXX_LANGUAGE_STANDARD = "gnu++0x";
				CLANG_CXX_LIBRARY = "libc++";
				CLANG_ENABLE_MODULES = YES;
				CLANG_ENABLE_OBJC_ARC = YES;
				CLANG_WARN_BOOL_CONVERSION = YES;
				CLANG_WARN_CONSTANT_CONVERSION = YES;
				CLANG_WARN_DIRECT_OBJC_ISA_USAGE = YES_ERROR;
				CLANG_WARN_DOCUMENTATION_COMMENTS = YES;
				CLANG_WARN_EMPTY_BODY = YES;
				CLANG_WARN_ENUM_CONVERSION = YES;
				CLANG_WARN_INFINITE_RECURSION = YES;
				CLANG_WARN_INT_CONVERSION = YES;
				CLANG_WARN_OBJC_ROOT_CLASS = YES_ERROR;
				CLANG_WARN_SUSPICIOUS_MOVE = YES;
				CLANG_WARN_UNREACHABLE_CODE = YES;
				CLANG_WARN__DUPLICATE_METHOD_MATCH = YES;
				"CODE_SIGN_IDENTITY[sdk=iphoneos*]" = "iPhone Developer";
				COPY_PHASE_STRIP = NO;
				DEBUG_INFORMATION_FORMAT = dwarf;
				ENABLE_STRICT_OBJC_MSGSEND = YES;
				ENABLE_TESTABILITY = YES;
				GCC_C_LANGUAGE_STANDARD = gnu99;
				GCC_DYNAMIC_NO_PIC = NO;
				GCC_NO_COMMON_BLOCKS = YES;
				GCC_OPTIMIZATION_LEVEL = 0;
				GCC_PREPROCESSOR_DEFINITIONS = (
					"DEBUG=1",
					"$(inherited)",
				);
				GCC_WARN_64_TO_32_BIT_CONVERSION = YES;
				GCC_WARN_ABOUT_RETURN_TYPE = YES_ERROR;
				GCC_WARN_UNDECLARED_SELECTOR = YES;
				GCC_WARN_UNINITIALIZED_AUTOS = YES_AGGRESSIVE;
				GCC_WARN_UNUSED_FUNCTION = YES;
				GCC_WARN_UNUSED_VARIABLE = YES;
				IPHONEOS_DEPLOYMENT_TARGET = 10.3;
				MTL_ENABLE_DEBUG_INFO = YES;
				ONLY_ACTIVE_ARCH = YES;
				SDKROOT = iphoneos;
				SWIFT_ACTIVE_COMPILATION_CONDITIONS = DEBUG;
				SWIFT_OPTIMIZATION_LEVEL = "-Onone";
			};
			name = Debug;
		};
		F40AA83D1F16D2510080FE04 /* Release */ = {
			isa = XCBuildConfiguration;
			buildSettings = {
				ALWAYS_SEARCH_USER_PATHS = NO;
				CLANG_ANALYZER_NONNULL = YES;
				CLANG_ANALYZER_NUMBER_OBJECT_CONVERSION = YES_AGGRESSIVE;
				CLANG_CXX_LANGUAGE_STANDARD = "gnu++0x";
				CLANG_CXX_LIBRARY = "libc++";
				CLANG_ENABLE_MODULES = YES;
				CLANG_ENABLE_OBJC_ARC = YES;
				CLANG_WARN_BOOL_CONVERSION = YES;
				CLANG_WARN_CONSTANT_CONVERSION = YES;
				CLANG_WARN_DIRECT_OBJC_ISA_USAGE = YES_ERROR;
				CLANG_WARN_DOCUMENTATION_COMMENTS = YES;
				CLANG_WARN_EMPTY_BODY = YES;
				CLANG_WARN_ENUM_CONVERSION = YES;
				CLANG_WARN_INFINITE_RECURSION = YES;
				CLANG_WARN_INT_CONVERSION = YES;
				CLANG_WARN_OBJC_ROOT_CLASS = YES_ERROR;
				CLANG_WARN_SUSPICIOUS_MOVE = YES;
				CLANG_WARN_UNREACHABLE_CODE = YES;
				CLANG_WARN__DUPLICATE_METHOD_MATCH = YES;
				"CODE_SIGN_IDENTITY[sdk=iphoneos*]" = "iPhone Developer";
				COPY_PHASE_STRIP = NO;
				DEBUG_INFORMATION_FORMAT = "dwarf-with-dsym";
				ENABLE_NS_ASSERTIONS = NO;
				ENABLE_STRICT_OBJC_MSGSEND = YES;
				GCC_C_LANGUAGE_STANDARD = gnu99;
				GCC_NO_COMMON_BLOCKS = YES;
				GCC_WARN_64_TO_32_BIT_CONVERSION = YES;
				GCC_WARN_ABOUT_RETURN_TYPE = YES_ERROR;
				GCC_WARN_UNDECLARED_SELECTOR = YES;
				GCC_WARN_UNINITIALIZED_AUTOS = YES_AGGRESSIVE;
				GCC_WARN_UNUSED_FUNCTION = YES;
				GCC_WARN_UNUSED_VARIABLE = YES;
				IPHONEOS_DEPLOYMENT_TARGET = 10.3;
				MTL_ENABLE_DEBUG_INFO = NO;
				SDKROOT = iphoneos;
				SWIFT_OPTIMIZATION_LEVEL = "-Owholemodule";
				VALIDATE_PRODUCT = YES;
			};
			name = Release;
		};
		F40AA83F1F16D2510080FE04 /* Debug */ = {
			isa = XCBuildConfiguration;
			buildSettings = {
				ASSETCATALOG_COMPILER_COMPLICATION_NAME = Complication;
				DEVELOPMENT_TEAM = W7PMV9XFGM;
				INFOPLIST_FILE = "BitcoinWatch WatchKit Extension/Info.plist";
				LD_RUNPATH_SEARCH_PATHS = "$(inherited) @executable_path/Frameworks @executable_path/../../Frameworks";
				PRODUCT_BUNDLE_IDENTIFIER = Armonia.BitcoinWatch.watchkitapp.watchkitextension;
				PRODUCT_NAME = "${TARGET_NAME}";
				SDKROOT = watchos;
				SKIP_INSTALL = YES;
				SWIFT_VERSION = 3.0;
				TARGETED_DEVICE_FAMILY = 4;
				WATCHOS_DEPLOYMENT_TARGET = 3.2;
			};
			name = Debug;
		};
		F40AA8401F16D2510080FE04 /* Release */ = {
			isa = XCBuildConfiguration;
			buildSettings = {
				ASSETCATALOG_COMPILER_COMPLICATION_NAME = Complication;
				DEVELOPMENT_TEAM = W7PMV9XFGM;
				INFOPLIST_FILE = "BitcoinWatch WatchKit Extension/Info.plist";
				LD_RUNPATH_SEARCH_PATHS = "$(inherited) @executable_path/Frameworks @executable_path/../../Frameworks";
				PRODUCT_BUNDLE_IDENTIFIER = Armonia.BitcoinWatch.watchkitapp.watchkitextension;
				PRODUCT_NAME = "${TARGET_NAME}";
				SDKROOT = watchos;
				SKIP_INSTALL = YES;
				SWIFT_VERSION = 3.0;
				TARGETED_DEVICE_FAMILY = 4;
				WATCHOS_DEPLOYMENT_TARGET = 3.2;
			};
			name = Release;
		};
		F40AA8431F16D2510080FE04 /* Debug */ = {
			isa = XCBuildConfiguration;
			buildSettings = {
				ALWAYS_EMBED_SWIFT_STANDARD_LIBRARIES = YES;
				ASSETCATALOG_COMPILER_APPICON_NAME = AppIcon;
				DEVELOPMENT_TEAM = W7PMV9XFGM;
				IBSC_MODULE = BitcoinWatch_WatchKit_Extension;
				INFOPLIST_FILE = "BitcoinWatch WatchKit App/Info.plist";
				PRODUCT_BUNDLE_IDENTIFIER = Armonia.BitcoinWatch.watchkitapp;
				PRODUCT_NAME = "$(TARGET_NAME)";
				SDKROOT = watchos;
				SKIP_INSTALL = YES;
				SWIFT_VERSION = 3.0;
				TARGETED_DEVICE_FAMILY = 4;
				WATCHOS_DEPLOYMENT_TARGET = 3.2;
			};
			name = Debug;
		};
		F40AA8441F16D2510080FE04 /* Release */ = {
			isa = XCBuildConfiguration;
			buildSettings = {
				ALWAYS_EMBED_SWIFT_STANDARD_LIBRARIES = YES;
				ASSETCATALOG_COMPILER_APPICON_NAME = AppIcon;
				DEVELOPMENT_TEAM = W7PMV9XFGM;
				IBSC_MODULE = BitcoinWatch_WatchKit_Extension;
				INFOPLIST_FILE = "BitcoinWatch WatchKit App/Info.plist";
				PRODUCT_BUNDLE_IDENTIFIER = Armonia.BitcoinWatch.watchkitapp;
				PRODUCT_NAME = "$(TARGET_NAME)";
				SDKROOT = watchos;
				SKIP_INSTALL = YES;
				SWIFT_VERSION = 3.0;
				TARGETED_DEVICE_FAMILY = 4;
				WATCHOS_DEPLOYMENT_TARGET = 3.2;
			};
			name = Release;
		};
		F40AA8471F16D2510080FE04 /* Debug */ = {
			isa = XCBuildConfiguration;
			buildSettings = {
				ASSETCATALOG_COMPILER_APPICON_NAME = AppIcon;
				DEVELOPMENT_TEAM = W7PMV9XFGM;
				INFOPLIST_FILE = BitcoinWatch/Info.plist;
				LD_RUNPATH_SEARCH_PATHS = "$(inherited) @executable_path/Frameworks";
				PRODUCT_BUNDLE_IDENTIFIER = Armonia.BitcoinWatch;
				PRODUCT_NAME = "$(TARGET_NAME)";
				SWIFT_VERSION = 3.0;
			};
			name = Debug;
		};
		F40AA8481F16D2510080FE04 /* Release */ = {
			isa = XCBuildConfiguration;
			buildSettings = {
				ASSETCATALOG_COMPILER_APPICON_NAME = AppIcon;
				DEVELOPMENT_TEAM = W7PMV9XFGM;
				INFOPLIST_FILE = BitcoinWatch/Info.plist;
				LD_RUNPATH_SEARCH_PATHS = "$(inherited) @executable_path/Frameworks";
				PRODUCT_BUNDLE_IDENTIFIER = Armonia.BitcoinWatch;
				PRODUCT_NAME = "$(TARGET_NAME)";
				SWIFT_VERSION = 3.0;
			};
			name = Release;
		};
/* End XCBuildConfiguration section */

/* Begin XCConfigurationList section */
		F40AA8061F16D2510080FE04 /* Build configuration list for PBXProject "BitcoinWatch" */ = {
			isa = XCConfigurationList;
			buildConfigurations = (
				F40AA83C1F16D2510080FE04 /* Debug */,
				F40AA83D1F16D2510080FE04 /* Release */,
			);
			defaultConfigurationIsVisible = 0;
			defaultConfigurationName = Release;
		};
		F40AA83E1F16D2510080FE04 /* Build configuration list for PBXNativeTarget "BitcoinWatch WatchKit Extension" */ = {
			isa = XCConfigurationList;
			buildConfigurations = (
				F40AA83F1F16D2510080FE04 /* Debug */,
				F40AA8401F16D2510080FE04 /* Release */,
			);
			defaultConfigurationIsVisible = 0;
			defaultConfigurationName = Release;
		};
		F40AA8421F16D2510080FE04 /* Build configuration list for PBXNativeTarget "BitcoinWatch WatchKit App" */ = {
			isa = XCConfigurationList;
			buildConfigurations = (
				F40AA8431F16D2510080FE04 /* Debug */,
				F40AA8441F16D2510080FE04 /* Release */,
			);
			defaultConfigurationIsVisible = 0;
			defaultConfigurationName = Release;
		};
		F40AA8461F16D2510080FE04 /* Build configuration list for PBXNativeTarget "BitcoinWatch" */ = {
			isa = XCConfigurationList;
			buildConfigurations = (
				F40AA8471F16D2510080FE04 /* Debug */,
				F40AA8481F16D2510080FE04 /* Release */,
			);
			defaultConfigurationIsVisible = 0;
			defaultConfigurationName = Release;
		};
/* End XCConfigurationList section */
	};
	rootObject = F40AA8031F16D2510080FE04 /* Project object */;
}
